
Microsoft Visual Studio Solution File, Format Version 12.00
# Visual Studio Version 17
VisualStudioVersion = 17.11.35312.102
MinimumVisualStudioVersion = 10.0.40219.1
Project("{FAE04EC0-301F-11D3-BF4B-00C04F79EFBC}") = "NunitEdupage", "NunitEdupage\NunitEdupage.csproj", "{FE41AB8C-6980-4619-A3A3-770978354597}"
EndProject
Global
	GlobalSection(SolutionConfigurationPlatforms) = preSolution
		Debug|Any CPU = Debug|Any CPU
		Release|Any CPU = Release|Any CPU
	EndGlobalSection
	GlobalSection(ProjectConfigurationPlatforms) = postSolution
		{FE41AB8C-6980-4619-A3A3-770978354597}.Debug|Any CPU.ActiveCfg = Debug|Any CPU
		{FE41AB8C-6980-4619-A3A3-770978354597}.Debug|Any CPU.Build.0 = Debug|Any CPU
		{FE41AB8C-6980-4619-A3A3-770978354597}.Release|Any CPU.ActiveCfg = Release|Any CPU
		{FE41AB8C-6980-4619-A3A3-770978354597}.Release|Any CPU.Build.0 = Release|Any CPU
	EndGlobalSection
	GlobalSection(SolutionProperties) = preSolution
		HideSolutionNode = FALSE
	EndGlobalSection
	GlobalSection(ExtensibilityGlobals) = postSolution
		SolutionGuid = {4C7AD80B-B5A4-48CB-B90E-BFFF2D408AEF}
	EndGlobalSection
EndGlobal
